
Microsoft Visual Studio Solution File, Format Version 12.00
# Visual Studio 14
VisualStudioVersion = 14.0.25420.1
MinimumVisualStudioVersion = 10.0.40219.1
Project("{FAE04EC0-301F-11D3-BF4B-00C04F79EFBC}") = "Node", "Node\Node.csproj", "{E14179D7-7B68-448C-81B3-E82B146FFCB3}"
EndProject
Project("{FAE04EC0-301F-11D3-BF4B-00C04F79EFBC}") = "Replicator", "Replicator\Replicator.csproj", "{E465F84B-2948-4FC0-874C-4F961C8E6F71}"
EndProject
Global
	GlobalSection(Performance) = preSolution
		HasPerformanceSessions = true
	EndGlobalSection
	GlobalSection(SolutionConfigurationPlatforms) = preSolution
		Debug|Any CPU = Debug|Any CPU
		Release|Any CPU = Release|Any CPU
	EndGlobalSection
	GlobalSection(ProjectConfigurationPlatforms) = postSolution
		{E14179D7-7B68-448C-81B3-E82B146FFCB3}.Debug|Any CPU.ActiveCfg = Debug|Any CPU
		{E14179D7-7B68-448C-81B3-E82B146FFCB3}.Debug|Any CPU.Build.0 = Debug|Any CPU
		{E14179D7-7B68-448C-81B3-E82B146FFCB3}.Release|Any CPU.ActiveCfg = Release|Any CPU
		{E14179D7-7B68-448C-81B3-E82B146FFCB3}.Release|Any CPU.Build.0 = Release|Any CPU
		{E465F84B-2948-4FC0-874C-4F961C8E6F71}.Debug|Any CPU.ActiveCfg = Debug|Any CPU
		{E465F84B-2948-4FC0-874C-4F961C8E6F71}.Debug|Any CPU.Build.0 = Debug|Any CPU
		{E465F84B-2948-4FC0-874C-4F961C8E6F71}.Release|Any CPU.ActiveCfg = Release|Any CPU
		{E465F84B-2948-4FC0-874C-4F961C8E6F71}.Release|Any CPU.Build.0 = Release|Any CPU
	EndGlobalSection
	GlobalSection(SolutionProperties) = preSolution
		HideSolutionNode = FALSE
	EndGlobalSection
EndGlobal
